version = 1
revision = 3
requires-python = ">=3.11"

[[package]]
name = "aras-analysts"
version = "0.1.0"
source = { editable = "." }
dependencies = [
    { name = "pymupdf" },
    { name = "telethon" },
]

[package.metadata]
requires-dist = [
    { name = "pymupdf", specifier = ">=1.24,<2" },
    { name = "telethon", specifier = ">=1.36,<2" },
]

[[package]]
name = "pyaes"
version = "1.6.1"
source = { registry = "https://pypi.org/simple" }
sdist = { url = "https://files.pythonhosted.org/packages/44/66/2c17bae31c906613795711fc78045c285048168919ace2220daa372c7d72/pyaes-1.6.1.tar.gz", hash = "sha256:02c1b1405c38d3c370b085fb952dd8bea3fadcee6411ad99f312cc129c536d8f", size = 28536, upload-time = "2017-09-20T21:17:54.23Z" }

[[package]]
name = "pyasn1"
version = "0.6.3"
source = { registry = "https://pypi.org/simple" }
sdist = { url = "https://files.pythonhosted.org/packages/5c/5f/6583902b6f79b399c9c40674ac384fd9cd77805f9e6205075f828ef11fb2/pyasn1-0.6.3.tar.gz", hash = "sha256:697a8ecd6d98891189184ca1fa05d1bb00e2f84b5977c481452050549c8a72cf", size = 148685, upload-time = "2026-03-17T01:06:53.382Z" }
wheels = [
    { url = "https://files.pythonhosted.org/packages/5d/a0/7d793dce3fa811fe047d6ae2431c672364b462850c6235ae306c0efd025f/pyasn1-0.6.3-py3-none-any.whl", hash = "sha256:a80184d120f0864a52a073acc6fc642847d0be408e7c7252f31390c0f4eadcde", size = 83997, upload-time = "2026-03-17T01:06:52.036Z" },
]

[[package]]
name = "pymupdf"
version = "1.27.2.2"
source = { registry = "https://pypi.org/simple" }
sdist = { url = "https://files.pythonhosted.org/packages/f1/32/f6b645c51d79a188a4844140c5dabca7b487ad56c4be69c4bc782d0d11a9/pymupdf-1.27.2.2.tar.gz", hash = "sha256:ea8fdc3ab6671ca98f629d5ec3032d662c8cf1796b146996b7ad306ac7ed3335", size = 85354380, upload-time = "2026-03-20T09:47:58.386Z" }
wheels = [
    { url = "https://files.pythonhosted.org/packages/90/88/d01992a50165e22dec057a1129826846c547feb4ba07f42720ac030ce438/pymupdf-1.27.2.2-cp310-abi3-macosx_10_9_x86_64.whl", hash = "sha256:800f43e60a6f01f644343c2213b8613db02eaf4f4ba235b417b3351fa99e01c0", size = 23987563, upload-time = "2026-03-19T12:35:42.989Z" },
    { url = "https://files.pythonhosted.org/packages/6d/0e/9f526bc1d49d8082eff0d1547a69d541a0c5a052e71da625559efaba46a6/pymupdf-1.27.2.2-cp310-abi3-macosx_11_0_arm64.whl", hash = "sha256:8e2e4299ef1ac0c9dff9be096cbd22783699673abecfa7c3f73173ae06421d73", size = 23263089, upload-time = "2026-03-20T09:44:16.982Z" },
    { url = "https://files.pythonhosted.org/packages/42/be/984f0d6343935b5dd30afaed6be04fc753146bf55709e63ef28bf9ef7497/pymupdf-1.27.2.2-cp310-abi3-manylinux_2_28_aarch64.whl", hash = "sha256:c5e3d54922db1c7da844f1208ac1db05704770988752311f81dd36694ae0a07b", size = 24318817, upload-time = "2026-03-20T09:44:33.209Z" },
    { url = "https://files.pythonhosted.org/packages/22/8e/85e9d9f11dbf34036eb1df283805ef6b885f2005a56d6533bb58ab0b8a11/pymupdf-1.27.2.2-cp310-abi3-manylinux_2_28_x86_64.whl", hash = "sha256:892698c9768457eb0991c102c96a856c0a7062539371df5e6bee0816f3ef498e", size = 24948135, upload-time = "2026-03-20T09:44:51.012Z" },
    { url = "https://files.pythonhosted.org/packages/db/e6/386edb017e5b93f1ab0bf6653ae32f3dd8dfc834ed770212e10ca62f4af9/pymupdf-1.27.2.2-cp310-abi3-musllinux_1_2_x86_64.whl", hash = "sha256:8b4bbfa6ef347fade678771a93f6364971c51a2cdc44cd2400dc4eeed1ddb4e6", size = 25169585, upload-time = "2026-03-20T09:45:05.393Z" },
    { url = "https://files.pythonhosted.org/packages/ba/fd/f1ebe24fcd31aaea8b85b3a7ac4c3fc96e20388be5466ace27c9a3c546d9/pymupdf-1.27.2.2-cp310-abi3-win32.whl", hash = "sha256:0b8e924433b7e0bd46be820899300259235997d5a747638471fb2762baa8ee30", size = 18008861, upload-time = "2026-03-20T09:45:21.353Z" },
    { url = "https://files.pythonhosted.org/packages/a8/b6/2a9a8556000199bbf80a5915dcd15d550d1e5288894316445c54726aaf53/pymupdf-1.27.2.2-cp310-abi3-win_amd64.whl", hash = "sha256:09bb53f9486ccb5297030cbc2dbdae845ba1c3c5126e96eb2d16c4f118de0b5b", size = 19238032, upload-time = "2026-03-20T09:45:37.941Z" },
    { url = "https://files.pythonhosted.org/packages/c2/c6/e3e11c42f09b9c34ec332c0f37b817671b59ef4001895b854f0494092105/pymupdf-1.27.2.2-cp314-cp314t-manylinux_2_28_x86_64.whl", hash = "sha256:6cebfbbdfd219ebdebf4d8e3914624b2e3d3a844c43f4f76935822dd9b13cc12", size = 24985299, upload-time = "2026-03-20T09:45:53.26Z" },
]

[[package]]
name = "rsa"
version = "4.9.1"
source = { registry = "https://pypi.org/simple" }
dependencies = [
    { name = "pyasn1" },
]
sdist = { url = "https://files.pythonhosted.org/packages/da/8a/22b7beea3ee0d44b1916c0c1cb0ee3af23b700b6da9f04991899d0c555d4/rsa-4.9.1.tar.gz", hash = "sha256:e7bdbfdb5497da4c07dfd35530e1a902659db6ff241e39d9953cad06ebd0ae75", size = 29034, upload-time = "2025-04-16T09:51:18.218Z" }
wheels = [
    { url = "https://files.pythonhosted.org/packages/64/8d/0133e4eb4beed9e425d9a98ed6e081a55d195481b7632472be1af08d2f6b/rsa-4.9.1-py3-none-any.whl", hash = "sha256:68635866661c6836b8d39430f97a996acbd61bfa49406748ea243539fe239762", size = 34696, upload-time = "2025-04-16T09:51:17.142Z" },
]

[[package]]
name = "telethon"
version = "1.43.1"
source = { registry = "https://pypi.org/simple" }
dependencies = [
    { name = "pyaes" },
    { name = "rsa" },
]
sdist = { url = "https://files.pythonhosted.org/packages/e3/f6/2d87c0cef931ec04ffacf7bb565c9279542870d4f1fac7d5631386159b7d/telethon-1.43.1.tar.gz", hash = "sha256:d10e87ca557ba2a1a169c7008386cef2e92ffcbe9bf97983b187b1da5042e50d", size = 687140, upload-time = "2026-04-13T19:52:22.648Z" }
wheels = [
    { url = "https://files.pythonhosted.org/packages/9a/98/f6efcb5b1e11d671d6b7dfd0f15b8c2290d66338fc4da1c8f359a2ce8177/telethon-1.43.1-py3-none-any.whl", hash = "sha256:d00388163c312c513fee30077f6357fd0b5c3382ee8d0e558c06aef499568bff", size = 773592, upload-time = "2026-04-13T19:52:20.559Z" },
]
